
Microsoft Visual Studio Solution File, Format Version 12.00
# Visual Studio Version 17
VisualStudioVersion = 17.6.33829.357
MinimumVisualStudioVersion = 10.0.40219.1
Project("{FAE04EC0-301F-11D3-BF4B-00C04F79EFBC}") = "projetoCalculadora", "projetoCalculadora\projetoCalculadora.csproj", "{D885B8DB-E27F-479A-BDC1-2456A6F6C966}"
EndProject
Global
	GlobalSection(SolutionConfigurationPlatforms) = preSolution
		Debug|Any CPU = Debug|Any CPU
		Release|Any CPU = Release|Any CPU
	EndGlobalSection
	GlobalSection(ProjectConfigurationPlatforms) = postSolution
		{D885B8DB-E27F-479A-BDC1-2456A6F6C966}.Debug|Any CPU.ActiveCfg = Debug|Any CPU
		{D885B8DB-E27F-479A-BDC1-2456A6F6C966}.Debug|Any CPU.Build.0 = Debug|Any CPU
		{D885B8DB-E27F-479A-BDC1-2456A6F6C966}.Release|Any CPU.ActiveCfg = Release|Any CPU
		{D885B8DB-E27F-479A-BDC1-2456A6F6C966}.Release|Any CPU.Build.0 = Release|Any CPU
	EndGlobalSection
	GlobalSection(SolutionProperties) = preSolution
		HideSolutionNode = FALSE
	EndGlobalSection
	GlobalSection(ExtensibilityGlobals) = postSolution
		SolutionGuid = {967B266E-89D9-4280-AEE2-6DB291E18F79}
	EndGlobalSection
EndGlobal
